// !$*UTF8*$!
{
	archiveVersion = 1;
	classes = {
	};
	objectVersion = 51;
	objects = {

/* Begin PBXBuildFile section */
		01ACA3A2244B4115001CA23D /* AppDelegate.swift in Sources */ = {isa = PBXBuildFile; fileRef = 01ACA3A1244B4115001CA23D /* AppDelegate.swift */; };
		01ACA3A4244B4115001CA23D /* SceneDelegate.swift in Sources */ = {isa = PBXBuildFile; fileRef = 01ACA3A3244B4115001CA23D /* SceneDelegate.swift */; };
		01ACA3A6244B4115001CA23D /* ViewController.swift in Sources */ = {isa = PBXBuildFile; fileRef = 01ACA3A5244B4115001CA23D /* ViewController.swift */; };
		01ACA3A9244B4115001CA23D /* Main.storyboard in Resources */ = {isa = PBXBuildFile; fileRef = 01ACA3A7244B4115001CA23D /* Main.storyboard */; };
		01ACA3AB244B4118001CA23D /* Assets.xcassets in Resources */ = {isa = PBXBuildFile; fileRef = 01ACA3AA244B4118001CA23D /* Assets.xcassets */; };
		01ACA3AE244B4118001CA23D /* LaunchScreen.storyboard in Resources */ = {isa = PBXBuildFile; fileRef = 01ACA3AC244B4118001CA23D /* LaunchScreen.storyboard */; };
		86DCFCF129C5B33CD396C213 /* Pods_MQTTChattingSample.framework in Frameworks */ = {isa = PBXBuildFile; fileRef = E28EF91F5DA962EA539BA6FA /* Pods_MQTTChattingSample.framework */; };
/* End PBXBuildFile section */

/* Begin PBXFileReference section */
		01ACA39E244B4115001CA23D /* MQTTChattingSample.app */ = {isa = PBXFileReference; explicitFileType = wrapper.application; includeInIndex = 0; path = MQTTChattingSample.app; sourceTree = BUILT_PRODUCTS_DIR; };
		01ACA3A1244B4115001CA23D /* AppDelegate.swift */ = {isa = PBXFileReference; lastKnownFileType = sourcecode.swift; path = AppDelegate.swift; sourceTree = "<group>"; };
		01ACA3A3244B4115001CA23D /* SceneDelegate.swift */ = {isa = PBXFileReference; lastKnownFileType = sourcecode.swift; path = SceneDelegate.swift; sourceTree = "<group>"; };
		01ACA3A5244B4115001CA23D /* ViewController.swift */ = {isa = PBXFileReference; lastKnownFileType = sourcecode.swift; path = ViewController.swift; sourceTree = "<group>"; };
		01ACA3A8244B4115001CA23D /* Base */ = {isa = PBXFileReference; lastKnownFileType = file.storyboard; name = Base; path = Base.lproj/Main.storyboard; sourceTree = "<group>"; };
		01ACA3AA244B4118001CA23D /* Assets.xcassets */ = {isa = PBXFileReference; lastKnownFileType = folder.assetcatalog; path = Assets.xcassets; sourceTree = "<group>"; };
		01ACA3AD244B4118001CA23D /* Base */ = {isa = PBXFileReference; lastKnownFileType = file.storyboard; name = Base; path = Base.lproj/LaunchScreen.storyboard; sourceTree = "<group>"; };
		01ACA3AF244B4118001CA23D /* Info.plist */ = {isa = PBXFileReference; lastKnownFileType = text.plist.xml; path = Info.plist; sourceTree = "<group>"; };
		0EB109F64851E71666B996A6 /* Pods-MQTTChattingSample.release.xcconfig */ = {isa = PBXFileReference; includeInIndex = 1; lastKnownFileType = text.xcconfig; name = "Pods-MQTTChattingSample.release.xcconfig"; path = "Target Support Files/Pods-MQTTChattingSample/Pods-MQTTChattingSample.release.xcconfig"; sourceTree = "<group>"; };
		DD6A6B138FE2D32B37056E9B /* Pods-MQTTChattingSample.debug.xcconfig */ = {isa = PBXFileReference; includeInIndex = 1; lastKnownFileType = text.xcconfig; name = "Pods-MQTTChattingSample.debug.xcconfig"; path = "Target Support Files/Pods-MQTTChattingSample/Pods-MQTTChattingSample.debug.xcconfig"; sourceTree = "<group>"; };
		E28EF91F5DA962EA539BA6FA /* Pods_MQTTChattingSample.framework */ = {isa = PBXFileReference; explicitFileType = wrapper.framework; includeInIndex = 0; path = Pods_MQTTChattingSample.framework; sourceTree = BUILT_PRODUCTS_DIR; };
/* End PBXFileReference section */

/* Begin PBXFrameworksBuildPhase section */
		01ACA39B244B4115001CA23D /* Frameworks */ = {
			isa = PBXFrameworksBuildPhase;
			buildActionMask = 2147483647;
			files = (
				86DCFCF129C5B33CD396C213 /* Pods_MQTTChattingSample.framework in Frameworks */,
			);
			runOnlyForDeploymentPostprocessing = 0;
		};
/* End PBXFrameworksBuildPhase section */

/* Begin PBXGroup section */
		01ACA395244B4115001CA23D = {
			isa = PBXGroup;
			children = (
				01ACA3A0244B4115001CA23D /* MQTTChattingSample */,
				01ACA39F244B4115001CA23D /* Products */,
				8ADA7C232A0EFF07298E346F /* Pods */,
				BAB3750BD99E7C4858C8275A /* Frameworks */,
			);
			sourceTree = "<group>";
		};
		01ACA39F244B4115001CA23D /* Products */ = {
			isa = PBXGroup;
			children = (
				01ACA39E244B4115001CA23D /* MQTTChattingSample.app */,
			);
			name = Products;
			sourceTree = "<group>";
		};
		01ACA3A0244B4115001CA23D /* MQTTChattingSample */ = {
			isa = PBXGroup;
			children = (
				01ACA3A1244B4115001CA23D /* AppDelegate.swift */,
				01ACA3A3244B4115001CA23D /* SceneDelegate.swift */,
				01ACA3A5244B4115001CA23D /* ViewController.swift */,
				01ACA3A7244B4115001CA23D /* Main.storyboard */,
				01ACA3AA244B4118001CA23D /* Assets.xcassets */,
				01ACA3AC244B4118001CA23D /* LaunchScreen.storyboard */,
				01ACA3AF244B4118001CA23D /* Info.plist */,
			);
			path = MQTTChattingSample;
			sourceTree = "<group>";
		};
		8ADA7C232A0EFF07298E346F /* Pods */ = {
			isa = PBXGroup;
			children = (
				DD6A6B138FE2D32B37056E9B /* Pods-MQTTChattingSample.debug.xcconfig */,
				0EB109F64851E71666B996A6 /* Pods-MQTTChattingSample.release.xcconfig */,
			);
			path = Pods;
			sourceTree = "<group>";
		};
		BAB3750BD99E7C4858C8275A /* Frameworks */ = {
			isa = PBXGroup;
			children = (
				E28EF91F5DA962EA539BA6FA /* Pods_MQTTChattingSample.framework */,
			);
			name = Frameworks;
			sourceTree = "<group>";
		};
/* End PBXGroup section */

/* Begin PBXNativeTarget section */
		01ACA39D244B4115001CA23D /* MQTTChattingSample */ = {
			isa = PBXNativeTarget;
			buildConfigurationList = 01ACA3B2244B4118001CA23D /* Build configuration list for PBXNativeTarget "MQTTChattingSample" */;
			buildPhases = (
				D23F1DA8FE94B45416D51AEA /* [CP] Check Pods Manifest.lock */,
				01ACA39A244B4115001CA23D /* Sources */,
				01ACA39B244B4115001CA23D /* Frameworks */,
				01ACA39C244B4115001CA23D /* Resources */,
				B435405F6378598481956AA5 /* [CP] Embed Pods Frameworks */,
			);
			buildRules = (
			);
			dependencies = (
			);
			name = MQTTChattingSample;
			productName = MQTTChattingSample;
			productReference = 01ACA39E244B4115001CA23D /* MQTTChattingSample.app */;
			productType = "com.apple.product-type.application";
		};
/* End PBXNativeTarget section */

/* Begin PBXProject section */
		01ACA396244B4115001CA23D /* Project object */ = {
			isa = PBXProject;
			attributes = {
				LastSwiftUpdateCheck = 1140;
				LastUpgradeCheck = 1140;
				ORGANIZATIONNAME = "Hansub Yoo";
				TargetAttributes = {
					01ACA39D244B4115001CA23D = {
						CreatedOnToolsVersion = 11.4.1;
					};
				};
			};
			buildConfigurationList = 01ACA399244B4115001CA23D /* Build configuration list for PBXProject "MQTTChattingSample" */;
			compatibilityVersion = "Xcode 9.3";
			developmentRegion = en;
			hasScannedForEncodings = 0;
			knownRegions = (
				en,
				Base,
			);
			mainGroup = 01ACA395244B4115001CA23D;
			productRefGroup = 01ACA39F244B4115001CA23D /* Products */;
			projectDirPath = "";
			projectRoot = "";
			targets = (
				01ACA39D244B4115001CA23D /* MQTTChattingSample */,
			);
		};
/* End PBXProject section */

/* Begin PBXResourcesBuildPhase section */
		01ACA39C244B4115001CA23D /* Resources */ = {
			isa = PBXResourcesBuildPhase;
			buildActionMask = 2147483647;
			files = (
				01ACA3AE244B4118001CA23D /* LaunchScreen.storyboard in Resources */,
				01ACA3AB244B4118001CA23D /* Assets.xcassets in Resources */,
				01ACA3A9244B4115001CA23D /* Main.storyboard in Resources */,
			);
			runOnlyForDeploymentPostprocessing = 0;
		};
/* End PBXResourcesBuildPhase section */

/* Begin PBXShellScriptBuildPhase section */
		B435405F6378598481956AA5 /* [CP] Embed Pods Frameworks */ = {
			isa = PBXShellScriptBuildPhase;
			buildActionMask = 2147483647;
			files = (
			);
			inputFileListPaths = (
				"${PODS_ROOT}/Target Support Files/Pods-MQTTChattingSample/Pods-MQTTChattingSample-frameworks-${CONFIGURATION}-input-files.xcfilelist",
			);
			name = "[CP] Embed Pods Frameworks";
			outputFileListPaths = (
				"${PODS_ROOT}/Target Support Files/Pods-MQTTChattingSample/Pods-MQTTChattingSample-frameworks-${CONFIGURATION}-output-files.xcfilelist",
			);
			runOnlyForDeploymentPostprocessing = 0;
			shellPath = /bin/sh;
			shellScript = "\"${PODS_ROOT}/Target Support Files/Pods-MQTTChattingSample/Pods-MQTTChattingSample-frameworks.sh\"\n";
			showEnvVarsInLog = 0;
		};
		D23F1DA8FE94B45416D51AEA /* [CP] Check Pods Manifest.lock */ = {
			isa = PBXShellScriptBuildPhase;
			buildActionMask = 2147483647;
			files = (
			);
			inputFileListPaths = (
			);
			inputPaths = (
				"${PODS_PODFILE_DIR_PATH}/Podfile.lock",
				"${PODS_ROOT}/Manifest.lock",
			);
			name = "[CP] Check Pods Manifest.lock";
			outputFileListPaths = (
			);
			outputPaths = (
				"$(DERIVED_FILE_DIR)/Pods-MQTTChattingSample-checkManifestLockResult.txt",
			);
			runOnlyForDeploymentPostprocessing = 0;
			shellPath = /bin/sh;
			shellScript = "diff \"${PODS_PODFILE_DIR_PATH}/Podfile.lock\" \"${PODS_ROOT}/Manifest.lock\" > /dev/null\nif [ $? != 0 ] ; then\n    # print error to STDERR\n    echo \"error: The sandbox is not in sync with the Podfile.lock. Run 'pod install' or update your CocoaPods installation.\" >&2\n    exit 1\nfi\n# This output is used by Xcode 'outputs' to avoid re-running this script phase.\necho \"SUCCESS\" > \"${SCRIPT_OUTPUT_FILE_0}\"\n";
			showEnvVarsInLog = 0;
		};
/* End PBXShellScriptBuildPhase section */

/* Begin PBXSourcesBuildPhase section */
		01ACA39A244B4115001CA23D /* Sources */ = {
			isa = PBXSourcesBuildPhase;
			buildActionMask = 2147483647;
			files = (
				01ACA3A6244B4115001CA23D /* ViewController.swift in Sources */,
				01ACA3A2244B4115001CA23D /* AppDelegate.swift in Sources */,
				01ACA3A4244B4115001CA23D /* SceneDelegate.swift in Sources */,
			);
			runOnlyForDeploymentPostprocessing = 0;
		};
/* End PBXSourcesBuildPhase section */

/* Begin PBXVariantGroup section */
		01ACA3A7244B4115001CA23D /* Main.storyboard */ = {
			isa = PBXVariantGroup;
			children = (
				01ACA3A8244B4115001CA23D /* Base */,
			);
			name = Main.storyboard;
			sourceTree = "<group>";
		};
		01ACA3AC244B4118001CA23D /* LaunchScreen.storyboard */ = {
			isa = PBXVariantGroup;
			children = (
				01ACA3AD244B4118001CA23D /* Base */,
			);
			name = LaunchScreen.storyboard;
			sourceTree = "<group>";
		};
/* End PBXVariantGroup section */

/* Begin XCBuildConfiguration section */
		01ACA3B0244B4118001CA23D /* Debug */ = {
			isa = XCBuildConfiguration;
			buildSettings = {
				ALWAYS_SEARCH_USER_PATHS = NO;
				CLANG_ANALYZER_NONNULL = YES;
				CLANG_ANALYZER_NUMBER_OBJECT_CONVERSION = YES_AGGRESSIVE;
				CLANG_CXX_LANGUAGE_STANDARD = "gnu++14";
				CLANG_CXX_LIBRARY = "libc++";
				CLANG_ENABLE_MODULES = YES;
				CLANG_ENABLE_OBJC_ARC = YES;
				CLANG_ENABLE_OBJC_WEAK = YES;
				CLANG_WARN_BLOCK_CAPTURE_AUTORELEASING = YES;
				CLANG_WARN_BOOL_CONVERSION = YES;
				CLANG_WARN_COMMA = YES;
				CLANG_WARN_CONSTANT_CONVERSION = YES;
				CLANG_WARN_DEPRECATED_OBJC_IMPLEMENTATIONS = YES;
				CLANG_WARN_DIRECT_OBJC_ISA_USAGE = YES_ERROR;
				CLANG_WARN_DOCUMENTATION_COMMENTS = YES;
				CLANG_WARN_EMPTY_BODY = YES;
				CLANG_WARN_ENUM_CONVERSION = YES;
				CLANG_WARN_INFINITE_RECURSION = YES;
				CLANG_WARN_INT_CONVERSION = YES;
				CLANG_WARN_NON_LITERAL_NULL_CONVERSION = YES;
				CLANG_WARN_OBJC_IMPLICIT_RETAIN_SELF = YES;
				CLANG_WARN_OBJC_LITERAL_CONVERSION = YES;
				CLANG_WARN_OBJC_ROOT_CLASS = YES_ERROR;
				CLANG_WARN_RANGE_LOOP_ANALYSIS = YES;
				CLANG_WARN_STRICT_PROTOTYPES = YES;
				CLANG_WARN_SUSPICIOUS_MOVE = YES;
				CLANG_WARN_UNGUARDED_AVAILABILITY = YES_AGGRESSIVE;
				CLANG_WARN_UNREACHABLE_CODE = YES;
				CLANG_WARN__DUPLICATE_METHOD_MATCH = YES;
				COPY_PHASE_STRIP = NO;
				DEBUG_INFORMATION_FORMAT = dwarf;
				ENABLE_STRICT_OBJC_MSGSEND = YES;
				ENABLE_TESTABILITY = YES;
				GCC_C_LANGUAGE_STANDARD = gnu11;
				GCC_DYNAMIC_NO_PIC = NO;
				GCC_NO_COMMON_BLOCKS = YES;
				GCC_OPTIMIZATION_LEVEL = 0;
				GCC_PREPROCESSOR_DEFINITIONS = (
					"DEBUG=1",
					"$(inherited)",
				);
				GCC_WARN_64_TO_32_BIT_CONVERSION = YES;
				GCC_WARN_ABOUT_RETURN_TYPE = YES_ERROR;
				GCC_WARN_UNDECLARED_SELECTOR = YES;
				GCC_WARN_UNINITIALIZED_AUTOS = YES_AGGRESSIVE;
				GCC_WARN_UNUSED_FUNCTION = YES;
				GCC_WARN_UNUSED_VARIABLE = YES;
				IPHONEOS_DEPLOYMENT_TARGET = 13.0;
				MTL_ENABLE_DEBUG_INFO = INCLUDE_SOURCE;
				MTL_FAST_MATH = YES;
				ONLY_ACTIVE_ARCH = YES;
				SDKROOT = iphoneos;
				SWIFT_ACTIVE_COMPILATION_CONDITIONS = DEBUG;
				SWIFT_OPTIMIZATION_LEVEL = "-Onone";
			};
			name = Debug;
		};
		01ACA3B1244B4118001CA23D /* Release */ = {
			isa = XCBuildConfiguration;
			buildSettings = {
				ALWAYS_SEARCH_USER_PATHS = NO;
				CLANG_ANALYZER_NONNULL = YES;
				CLANG_ANALYZER_NUMBER_OBJECT_CONVERSION = YES_AGGRESSIVE;
				CLANG_CXX_LANGUAGE_STANDARD = "gnu++14";
				CLANG_CXX_LIBRARY = "libc++";
				CLANG_ENABLE_MODULES = YES;
				CLANG_ENABLE_OBJC_ARC = YES;
				CLANG_ENABLE_OBJC_WEAK = YES;
				CLANG_WARN_BLOCK_CAPTURE_AUTORELEASING = YES;
				CLANG_WARN_BOOL_CONVERSION = YES;
				CLANG_WARN_COMMA = YES;
				CLANG_WARN_CONSTANT_CONVERSION = YES;
				CLANG_WARN_DEPRECATED_OBJC_IMPLEMENTATIONS = YES;
				CLANG_WARN_DIRECT_OBJC_ISA_USAGE = YES_ERROR;
				CLANG_WARN_DOCUMENTATION_COMMENTS = YES;
				CLANG_WARN_EMPTY_BODY = YES;
				CLANG_WARN_ENUM_CONVERSION = YES;
				CLANG_WARN_INFINITE_RECURSION = YES;
				CLANG_WARN_INT_CONVERSION = YES;
				CLANG_WARN_NON_LITERAL_NULL_CONVERSION = YES;
				CLANG_WARN_OBJC_IMPLICIT_RETAIN_SELF = YES;
				CLANG_WARN_OBJC_LITERAL_CONVERSION = YES;
				CLANG_WARN_OBJC_ROOT_CLASS = YES_ERROR;
				CLANG_WARN_RANGE_LOOP_ANALYSIS = YES;
				CLANG_WARN_STRICT_PROTOTYPES = YES;
				CLANG_WARN_SUSPICIOUS_MOVE = YES;
				CLANG_WARN_UNGUARDED_AVAILABILITY = YES_AGGRESSIVE;
				CLANG_WARN_UNREACHABLE_CODE = YES;
				CLANG_WARN__DUPLICATE_METHOD_MATCH = YES;
				COPY_PHASE_STRIP = NO;
				DEBUG_INFORMATION_FORMAT = "dwarf-with-dsym";
				ENABLE_NS_ASSERTIONS = NO;
				ENABLE_STRICT_OBJC_MSGSEND = YES;
				GCC_C_LANGUAGE_STANDARD = gnu11;
				GCC_NO_COMMON_BLOCKS = YES;
				GCC_WARN_64_TO_32_BIT_CONVERSION = YES;
				GCC_WARN_ABOUT_RETURN_TYPE = YES_ERROR;
				GCC_WARN_UNDECLARED_SELECTOR = YES;
				GCC_WARN_UNINITIALIZED_AUTOS = YES_AGGRESSIVE;
				GCC_WARN_UNUSED_FUNCTION = YES;
				GCC_WARN_UNUSED_VARIABLE = YES;
				IPHONEOS_DEPLOYMENT_TARGET = 13.0;
				MTL_ENABLE_DEBUG_INFO = NO;
				MTL_FAST_MATH = YES;
				SDKROOT = iphoneos;
				SWIFT_COMPILATION_MODE = wholemodule;
				SWIFT_OPTIMIZATION_LEVEL = "-O";
				VALIDATE_PRODUCT = YES;
			};
			name = Release;
		};
		01ACA3B3244B4118001CA23D /* Debug */ = {
			isa = XCBuildConfiguration;
			baseConfigurationReference = DD6A6B138FE2D32B37056E9B /* Pods-MQTTChattingSample.debug.xcconfig */;
			buildSettings = {
				ASSETCATALOG_COMPILER_APPICON_NAME = AppIcon;
				CODE_SIGN_STYLE = Automatic;
				DEVELOPMENT_TEAM = XP44KJ6JB3;
				INFOPLIST_FILE = MQTTChattingSample/Info.plist;
				LD_RUNPATH_SEARCH_PATHS = (
					"$(inherited)",
					"@executable_path/Frameworks",
				);
				PRODUCT_BUNDLE_IDENTIFIER = com.ywangnon.MQTTChattingSample;
				PRODUCT_NAME = "$(TARGET_NAME)";
				SWIFT_VERSION = 5.0;
				TARGETED_DEVICE_FAMILY = "1,2";
			};
			name = Debug;
		};
		01ACA3B4244B4118001CA23D /* Release */ = {
			isa = XCBuildConfiguration;
			baseConfigurationReference = 0EB109F64851E71666B996A6 /* Pods-MQTTChattingSample.release.xcconfig */;
			buildSettings = {
				ASSETCATALOG_COMPILER_APPICON_NAME = AppIcon;
				CODE_SIGN_STYLE = Automatic;
				DEVELOPMENT_TEAM = XP44KJ6JB3;
				INFOPLIST_FILE = MQTTChattingSample/Info.plist;
				LD_RUNPATH_SEARCH_PATHS = (
					"$(inherited)",
					"@executable_path/Frameworks",
				);
				PRODUCT_BUNDLE_IDENTIFIER = com.ywangnon.MQTTChattingSample;
				PRODUCT_NAME = "$(TARGET_NAME)";
				SWIFT_VERSION = 5.0;
				TARGETED_DEVICE_FAMILY = "1,2";
			};
			name = Release;
		};
/* End XCBuildConfiguration section */

/* Begin XCConfigurationList section */
		01ACA399244B4115001CA23D /* Build configuration list for PBXProject "MQTTChattingSample" */ = {
			isa = XCConfigurationList;
			buildConfigurations = (
				01ACA3B0244B4118001CA23D /* Debug */,
				01ACA3B1244B4118001CA23D /* Release */,
			);
			defaultConfigurationIsVisible = 0;
			defaultConfigurationName = Release;
		};
		01ACA3B2244B4118001CA23D /* Build configuration list for PBXNativeTarget "MQTTChattingSample" */ = {
			isa = XCConfigurationList;
			buildConfigurations = (
				01ACA3B3244B4118001CA23D /* Debug */,
				01ACA3B4244B4118001CA23D /* Release */,
			);
			defaultConfigurationIsVisible = 0;
			defaultConfigurationName = Release;
		};
/* End XCConfigurationList section */
	};
	rootObject = 01ACA396244B4115001CA23D /* Project object */;
}
